<?xml version="1.0" encoding="utf-8"?>
<Project ToolsVersion="4.0" xmlns="http://schemas.microsoft.com/developer/msbuild/2003">
  <ItemGroup>
    <Filter Include="리소스 파일">
      <UniqueIdentifier>{67DA6AB6-F800-4c08-8B7A-83BB121AAD01}</UniqueIdentifier>
      <Extensions>rc;ico;cur;bmp;dlg;rc2;rct;bin;rgs;gif;jpg;jpeg;jpe;resx;tiff;tif;png;wav;mfcribbon-ms</Extensions>
    </Filter>
    <Filter Include="Default">
      <UniqueIdentifier>{8e093ada-c2c2-4bff-9390-9244f58587a4}</UniqueIdentifier>
    </Filter>
    <Filter Include="ImGui">
      <UniqueIdentifier>{5eaa9999-258c-453e-a196-6a2c1181e1d5}</UniqueIdentifier>
    </Filter>
    <Filter Include="Manager">
      <UniqueIdentifier>{8e8b0162-3e14-47c4-9d46-52d3de2a3854}</UniqueIdentifier>
    </Filter>
    <Filter Include="Manager\EditorObjMgr">
      <UniqueIdentifier>{b4d1fedd-db78-4252-8e4f-05d6b3234eff}</UniqueIdentifier>
    </Filter>
    <Filter Include="Manager\EditorObjMgr\GameObjectEx">
      <UniqueIdentifier>{efee3935-1773-44ea-a613-a75bd6b1bff5}</UniqueIdentifier>
    </Filter>
    <Filter Include="UI">
      <UniqueIdentifier>{8955a024-3f6b-41f7-822c-3696d3f85367}</UniqueIdentifier>
    </Filter>
    <Filter Include="UI\InspectorUI">
      <UniqueIdentifier>{129daaeb-8ba7-42c0-9f84-81009ab7746f}</UniqueIdentifier>
    </Filter>
    <Filter Include="UI\InspectorUI\ComponentUI">
      <UniqueIdentifier>{d5b98b28-33cc-46ec-a14d-57460f412f95}</UniqueIdentifier>
    </Filter>
    <Filter Include="UI\InspectorUI\ComponentUI\01. TransformUI">
      <UniqueIdentifier>{8eecab7f-46e9-41e3-885b-e7ff59e4bc0c}</UniqueIdentifier>
    </Filter>
    <Filter Include="UI\InspectorUI\ComponentUI\02. MeshRenderUI">
      <UniqueIdentifier>{1e14b5c6-983d-4648-9f35-24b91d28073c}</UniqueIdentifier>
    </Filter>
    <Filter Include="UI\InspectorUI\ComponentUI\04. CameraUI">
      <UniqueIdentifier>{4be2d3e2-c4ac-470f-8f5d-4870e9509042}</UniqueIdentifier>
    </Filter>
    <Filter Include="UI\InspectorUI\ComponentUI\03. Collider2DUI">
      <UniqueIdentifier>{2cfc1c60-2e31-4a33-a775-45d8a78649bc}</UniqueIdentifier>
    </Filter>
    <Filter Include="UI\InspectorUI\ComponentUI\05. Animator2DUI">
      <UniqueIdentifier>{3a8c6497-63d0-43f8-a902-0e6e961e01e8}</UniqueIdentifier>
    </Filter>
    <Filter Include="Manager\ImGuiMgr">
      <UniqueIdentifier>{afe4b595-d8cf-4f47-90c8-24180a394c8e}</UniqueIdentifier>
    </Filter>
    <Filter Include="UI\ContentUI">
      <UniqueIdentifier>{302f11d0-cc3a-4d91-a5eb-2995419a26ff}</UniqueIdentifier>
    </Filter>
    <Filter Include="UI\Module">
      <UniqueIdentifier>{c154f67e-b85e-4d29-89c3-1af461ca395a}</UniqueIdentifier>
    </Filter>
    <Filter Include="UI\Module\ListUI">
      <UniqueIdentifier>{c7cb6570-9d3e-480e-8625-ec3621259825}</UniqueIdentifier>
    </Filter>
    <Filter Include="UI\Module\TreeUI">
      <UniqueIdentifier>{0d8c3e04-9be3-4f1d-8297-0c517f50d180}</UniqueIdentifier>
    </Filter>
    <Filter Include="UI\InspectorUI\ResUI">
      <UniqueIdentifier>{6d74f17c-1942-4cff-97ee-5ff464a4c3d3}</UniqueIdentifier>
    </Filter>
    <Filter Include="UI\InspectorUI\ResUI\ComputeShaderUI">
      <UniqueIdentifier>{6b13785b-14f6-42e3-bc10-da790e1cb7f7}</UniqueIdentifier>
    </Filter>
    <Filter Include="UI\InspectorUI\ResUI\GraphicsShaderUI">
      <UniqueIdentifier>{d9ecaef0-300a-4e8e-81a5-03d17b8899b4}</UniqueIdentifier>
    </Filter>
    <Filter Include="UI\InspectorUI\ResUI\MaterialUI">
      <UniqueIdentifier>{c802a9f1-378e-4823-8400-3af103210208}</UniqueIdentifier>
    </Filter>
    <Filter Include="UI\InspectorUI\ResUI\MeshDataUI">
      <UniqueIdentifier>{f0ab4b9f-e52d-4154-a0b7-829cc951c152}</UniqueIdentifier>
    </Filter>
    <Filter Include="UI\InspectorUI\ResUI\MeshUI">
      <UniqueIdentifier>{86760c80-905f-42b5-a02e-7dabcc8ad9ea}</UniqueIdentifier>
    </Filter>
    <Filter Include="UI\InspectorUI\ResUI\PrefabUI">
      <UniqueIdentifier>{05096a5c-598d-4fc4-a3ef-e98784a8e123}</UniqueIdentifier>
    </Filter>
    <Filter Include="UI\InspectorUI\ResUI\SoundUI">
      <UniqueIdentifier>{1b9ad479-57fd-492c-9f6a-9297e3fc269f}</UniqueIdentifier>
    </Filter>
    <Filter Include="UI\InspectorUI\ResUI\TextureUI">
      <UniqueIdentifier>{ffc0cb4f-dbc3-40d4-9196-ccb983cae996}</UniqueIdentifier>
    </Filter>
    <Filter Include="UI\Module\ParamUI">
      <UniqueIdentifier>{797ca8e5-abe4-4da4-9ac2-d230a488ef8b}</UniqueIdentifier>
    </Filter>
    <Filter Include="UI\OutLinerUI">
      <UniqueIdentifier>{394e39fd-d73c-4f22-8056-ca97ed3c11d9}</UniqueIdentifier>
    </Filter>
    <Filter Include="UI\MenuUI">
      <UniqueIdentifier>{b997dc9d-bc45-4774-bf94-dfee0451da9b}</UniqueIdentifier>
    </Filter>
    <Filter Include="Manager\LevelSaveLoad">
      <UniqueIdentifier>{d04701b2-f8b9-44ee-b506-3ba4b47dc7d1}</UniqueIdentifier>
    </Filter>
    <Filter Include="UI\InspectorUI\ComponentUI\07. Light2DUI">
      <UniqueIdentifier>{ca44cff9-4ec0-49ba-8ac7-984d5b107779}</UniqueIdentifier>
    </Filter>
    <Filter Include="UI\InspectorUI\ComponentUI\08. TileMapUI">
      <UniqueIdentifier>{9890d475-3740-44b4-99f9-a1fb3c7da62f}</UniqueIdentifier>
    </Filter>
    <Filter Include="UI\InspectorUI\ComponentUI\09. ParticleSystemUI">
      <UniqueIdentifier>{e8f7171b-4635-47cb-bcc4-8d00cd34e372}</UniqueIdentifier>
    </Filter>
    <Filter Include="UI\InspectorUI\ComponentUI\10. ScriptUI">
      <UniqueIdentifier>{7076b72a-2c6d-425a-a3bd-90e0faf772aa}</UniqueIdentifier>
    </Filter>
    <Filter Include="UI\InspectorUI\ComponentUI\06. RigidbodyUI">
      <UniqueIdentifier>{09f330c2-1d33-4925-923e-d15440b55868}</UniqueIdentifier>
    </Filter>
  </ItemGroup>
  <ItemGroup>
    <ClInclude Include="CEditorObjMgr.h">
      <Filter>Manager\EditorObjMgr</Filter>
    </ClInclude>
    <ClInclude Include="CGameObjectEx.h">
      <Filter>Manager\EditorObjMgr\GameObjectEx</Filter>
    </ClInclude>
    <ClInclude Include="ImGui\imconfig.h">
      <Filter>ImGui</Filter>
    </ClInclude>
    <ClInclude Include="ImGui\imgui.h">
      <Filter>ImGui</Filter>
    </ClInclude>
    <ClInclude Include="ImGui\imgui_impl_dx11.h">
      <Filter>ImGui</Filter>
    </ClInclude>
    <ClInclude Include="ImGui\imgui_impl_win32.h">
      <Filter>ImGui</Filter>
    </ClInclude>
    <ClInclude Include="ImGui\imgui_internal.h">
      <Filter>ImGui</Filter>
    </ClInclude>
    <ClInclude Include="ImGuiMgr.h">
      <Filter>Manager\ImGuiMgr</Filter>
    </ClInclude>
    <ClInclude Include="UI.h">
      <Filter>UI</Filter>
    </ClInclude>
    <ClInclude Include="InspectorUI.h">
      <Filter>UI\InspectorUI</Filter>
    </ClInclude>
    <ClInclude Include="TransformUI.h">
      <Filter>UI\InspectorUI\ComponentUI\01. TransformUI</Filter>
    </ClInclude>
    <ClInclude Include="MeshRenderUI.h">
      <Filter>UI\InspectorUI\ComponentUI\02. MeshRenderUI</Filter>
    </ClInclude>
    <ClInclude Include="ComponentUI.h">
      <Filter>UI\InspectorUI\ComponentUI</Filter>
    </ClInclude>
    <ClInclude Include="Animator2DUI.h">
      <Filter>UI\InspectorUI\ComponentUI\05. Animator2DUI</Filter>
    </ClInclude>
    <ClInclude Include="CameraUI.h">
      <Filter>UI\InspectorUI\ComponentUI\04. CameraUI</Filter>
    </ClInclude>
    <ClInclude Include="Collider2DUI.h">
      <Filter>UI\InspectorUI\ComponentUI\03. Collider2DUI</Filter>
    </ClInclude>
    <ClInclude Include="Light2DUI.h">
      <Filter>UI\InspectorUI\ComponentUI\07. Light2DUI</Filter>
    </ClInclude>
    <ClInclude Include="TileMapUI.h">
      <Filter>UI\InspectorUI\ComponentUI\08. TileMapUI</Filter>
    </ClInclude>
    <ClInclude Include="ListUI.h">
      <Filter>UI\Module\ListUI</Filter>
    </ClInclude>
    <ClInclude Include="Client.h">
      <Filter>Default</Filter>
    </ClInclude>
    <ClInclude Include="framework.h">
      <Filter>Default</Filter>
    </ClInclude>
    <ClInclude Include="pch.h">
      <Filter>Default</Filter>
    </ClInclude>
    <ClInclude Include="Resource.h">
      <Filter>Default</Filter>
    </ClInclude>
    <ClInclude Include="targetver.h">
      <Filter>Default</Filter>
    </ClInclude>
    <ClInclude Include="ImGui\imstb_truetype.h">
      <Filter>ImGui</Filter>
    </ClInclude>
    <ClInclude Include="ImGui\imstb_textedit.h">
      <Filter>ImGui</Filter>
    </ClInclude>
    <ClInclude Include="ImGui\imstb_rectpack.h">
      <Filter>ImGui</Filter>
    </ClInclude>
    <ClInclude Include="ContentUI.h">
      <Filter>UI\ContentUI</Filter>
    </ClInclude>
    <ClInclude Include="TreeUI.h">
      <Filter>UI\Module\TreeUI</Filter>
    </ClInclude>
    <ClInclude Include="ParticleSystemUI.h">
      <Filter>UI\InspectorUI\ComponentUI\09. ParticleSystemUI</Filter>
    </ClInclude>
    <ClInclude Include="ResUI.h">
      <Filter>UI\InspectorUI\ResUI</Filter>
    </ClInclude>
    <ClInclude Include="OutlinerUI.h">
      <Filter>UI\OutLinerUI</Filter>
    </ClInclude>
    <ClInclude Include="ComputeShaderUI.h">
      <Filter>UI\InspectorUI\ResUI\ComputeShaderUI</Filter>
    </ClInclude>
    <ClInclude Include="GraphicsShaderUI.h">
      <Filter>UI\InspectorUI\ResUI\GraphicsShaderUI</Filter>
    </ClInclude>
    <ClInclude Include="MaterialUI.h">
      <Filter>UI\InspectorUI\ResUI\MaterialUI</Filter>
    </ClInclude>
    <ClInclude Include="MeshDataUI.h">
      <Filter>UI\InspectorUI\ResUI\MeshDataUI</Filter>
    </ClInclude>
    <ClInclude Include="MeshUI.h">
      <Filter>UI\InspectorUI\ResUI\MeshUI</Filter>
    </ClInclude>
    <ClInclude Include="PrefabUI.h">
      <Filter>UI\InspectorUI\ResUI\PrefabUI</Filter>
    </ClInclude>
    <ClInclude Include="SoundUI.h">
      <Filter>UI\InspectorUI\ResUI\SoundUI</Filter>
    </ClInclude>
    <ClInclude Include="TextureUI.h">
      <Filter>UI\InspectorUI\ResUI\TextureUI</Filter>
    </ClInclude>
    <ClInclude Include="ParamUI.h">
      <Filter>UI\Module\ParamUI</Filter>
    </ClInclude>
    <ClInclude Include="TestLevel.h" />
    <ClInclude Include="MenuUI.h">
      <Filter>UI\MenuUI</Filter>
    </ClInclude>
    <ClInclude Include="ScriptUI.h">
      <Filter>UI\InspectorUI\ComponentUI\10. ScriptUI</Filter>
    </ClInclude>
    <ClInclude Include="CLevelSaveLoad.h">
      <Filter>Manager\LevelSaveLoad</Filter>
    </ClInclude>
    <ClInclude Include="RigidbodyUI.h">
      <Filter>UI\InspectorUI\ComponentUI\06. RigidbodyUI</Filter>
    </ClInclude>
  </ItemGroup>
  <ItemGroup>
    <ResourceCompile Include="Client.rc">
      <Filter>리소스 파일</Filter>
    </ResourceCompile>
  </ItemGroup>
  <ItemGroup>
    <Image Include="Client.ico">
      <Filter>리소스 파일</Filter>
    </Image>
    <Image Include="..\..\OutputFile\bin\content\iconcursor\icon.ico">
      <Filter>리소스 파일</Filter>
    </Image>
    <Image Include="small.ico">
      <Filter>리소스 파일</Filter>
    </Image>
    <Image Include="icon.ico">
      <Filter>리소스 파일</Filter>
    </Image>
  </ItemGroup>
  <ItemGroup>
    <ClCompile Include="main.cpp" />
    <ClCompile Include="CEditorObjMgr.cpp">
      <Filter>Manager\EditorObjMgr</Filter>
    </ClCompile>
    <ClCompile Include="CGameObjectEx.cpp">
      <Filter>Manager\EditorObjMgr\GameObjectEx</Filter>
    </ClCompile>
    <ClCompile Include="ImGui\imgui.cpp">
      <Filter>ImGui</Filter>
    </ClCompile>
    <ClCompile Include="ImGui\imgui_demo.cpp">
      <Filter>ImGui</Filter>
    </ClCompile>
    <ClCompile Include="ImGui\imgui_draw.cpp">
      <Filter>ImGui</Filter>
    </ClCompile>
    <ClCompile Include="ImGui\imgui_impl_dx11.cpp">
      <Filter>ImGui</Filter>
    </ClCompile>
    <ClCompile Include="ImGui\imgui_impl_win32.cpp">
      <Filter>ImGui</Filter>
    </ClCompile>
    <ClCompile Include="ImGui\imgui_tables.cpp">
      <Filter>ImGui</Filter>
    </ClCompile>
    <ClCompile Include="ImGui\imgui_widgets.cpp">
      <Filter>ImGui</Filter>
    </ClCompile>
    <ClCompile Include="ImGuiMgr.cpp">
      <Filter>Manager\ImGuiMgr</Filter>
    </ClCompile>
    <ClCompile Include="UI.cpp">
      <Filter>UI</Filter>
    </ClCompile>
    <ClCompile Include="InspectorUI.cpp">
      <Filter>UI\InspectorUI</Filter>
    </ClCompile>
    <ClCompile Include="MeshRenderUI.cpp">
      <Filter>UI\InspectorUI\ComponentUI\02. MeshRenderUI</Filter>
    </ClCompile>
    <ClCompile Include="TransformUI.cpp">
      <Filter>UI\InspectorUI\ComponentUI\01. TransformUI</Filter>
    </ClCompile>
    <ClCompile Include="ComponentUI.cpp">
      <Filter>UI\InspectorUI\ComponentUI</Filter>
    </ClCompile>
    <ClCompile Include="Animator2DUI.cpp">
      <Filter>UI\InspectorUI\ComponentUI\05. Animator2DUI</Filter>
    </ClCompile>
    <ClCompile Include="CameraUI.cpp">
      <Filter>UI\InspectorUI\ComponentUI\04. CameraUI</Filter>
    </ClCompile>
    <ClCompile Include="Collider2DUI.cpp">
      <Filter>UI\InspectorUI\ComponentUI\03. Collider2DUI</Filter>
    </ClCompile>
    <ClCompile Include="Light2DUI.cpp">
      <Filter>UI\InspectorUI\ComponentUI\07. Light2DUI</Filter>
    </ClCompile>
    <ClCompile Include="TileMapUI.cpp">
      <Filter>UI\InspectorUI\ComponentUI\08. TileMapUI</Filter>
    </ClCompile>
    <ClCompile Include="ListUI.cpp">
      <Filter>UI\Module\ListUI</Filter>
    </ClCompile>
    <ClCompile Include="pch.cpp">
      <Filter>Default</Filter>
    </ClCompile>
    <ClCompile Include="ContentUI.cpp">
      <Filter>UI\ContentUI</Filter>
    </ClCompile>
    <ClCompile Include="TreeUI.cpp">
      <Filter>UI\Module\TreeUI</Filter>
    </ClCompile>
    <ClCompile Include="ParticleSystemUI.cpp">
      <Filter>UI\InspectorUI\ComponentUI\09. ParticleSystemUI</Filter>
    </ClCompile>
    <ClCompile Include="ResUI.cpp">
      <Filter>UI\InspectorUI\ResUI</Filter>
    </ClCompile>
    <ClCompile Include="OutlinerUI.cpp">
      <Filter>UI\OutLinerUI</Filter>
    </ClCompile>
    <ClCompile Include="ComputeShaderUI.cpp">
      <Filter>UI\InspectorUI\ResUI\ComputeShaderUI</Filter>
    </ClCompile>
    <ClCompile Include="GraphicsShaderUI.cpp">
      <Filter>UI\InspectorUI\ResUI\GraphicsShaderUI</Filter>
    </ClCompile>
    <ClCompile Include="MaterialUI.cpp">
      <Filter>UI\InspectorUI\ResUI\MaterialUI</Filter>
    </ClCompile>
    <ClCompile Include="MeshDataUI.cpp">
      <Filter>UI\InspectorUI\ResUI\MeshDataUI</Filter>
    </ClCompile>
    <ClCompile Include="MeshUI.cpp">
      <Filter>UI\InspectorUI\ResUI\MeshUI</Filter>
    </ClCompile>
    <ClCompile Include="PrefabUI.cpp">
      <Filter>UI\InspectorUI\ResUI\PrefabUI</Filter>
    </ClCompile>
    <ClCompile Include="SoundUI.cpp">
      <Filter>UI\InspectorUI\ResUI\SoundUI</Filter>
    </ClCompile>
    <ClCompile Include="TextureUI.cpp">
      <Filter>UI\InspectorUI\ResUI\TextureUI</Filter>
    </ClCompile>
    <ClCompile Include="ParamUI.cpp">
      <Filter>UI\Module\ParamUI</Filter>
    </ClCompile>
    <ClCompile Include="TestLevel.cpp" />
    <ClCompile Include="MenuUI.cpp">
      <Filter>UI\MenuUI</Filter>
    </ClCompile>
    <ClCompile Include="ScriptUI.cpp">
      <Filter>UI\InspectorUI\ComponentUI\10. ScriptUI</Filter>
    </ClCompile>
    <ClCompile Include="CLevelSaveLoad.cpp">
      <Filter>Manager\LevelSaveLoad</Filter>
    </ClCompile>
    <ClCompile Include="RigidbodyUI.cpp">
      <Filter>UI\InspectorUI\ComponentUI\06. RigidbodyUI</Filter>
    </ClCompile>
  </ItemGroup>
  <ItemGroup>
    <None Include="..\..\OutputFile\bin\content\iconcursor\AIM.cur">
      <Filter>리소스 파일</Filter>
    </None>
    <None Include="AIM.cur">
      <Filter>리소스 파일</Filter>
    </None>
  </ItemGroup>
</Project>